Microsoft Visual Studio Solution File, Format Version 12.00
# Visual Studio 2012
Project("{FAE04EC0-301F-11D3-BF4B-00C04F79EFBC}") = "GDExtension_Template", "GDExtension_Template.csproj", "{30C39BB3-7C0F-424C-A6EA-797701AB0331}"
EndProject
Global
	GlobalSection(SolutionConfigurationPlatforms) = preSolution
	Debug|Any CPU = Debug|Any CPU
	ExportDebug|Any CPU = ExportDebug|Any CPU
	ExportRelease|Any CPU = ExportRelease|Any CPU
	EndGlobalSection
	GlobalSection(ProjectConfigurationPlatforms) = postSolution
		{30C39BB3-7C0F-424C-A6EA-797701AB0331}.Debug|Any CPU.ActiveCfg = Debug|Any CPU
		{30C39BB3-7C0F-424C-A6EA-797701AB0331}.Debug|Any CPU.Build.0 = Debug|Any CPU
		{30C39BB3-7C0F-424C-A6EA-797701AB0331}.ExportDebug|Any CPU.ActiveCfg = ExportDebug|Any CPU
		{30C39BB3-7C0F-424C-A6EA-797701AB0331}.ExportDebug|Any CPU.Build.0 = ExportDebug|Any CPU
		{30C39BB3-7C0F-424C-A6EA-797701AB0331}.ExportRelease|Any CPU.ActiveCfg = ExportRelease|Any CPU
		{30C39BB3-7C0F-424C-A6EA-797701AB0331}.ExportRelease|Any CPU.Build.0 = ExportRelease|Any CPU
	EndGlobalSection
EndGlobal
